
Microsoft Visual Studio Solution File, Format Version 12.00
# Visual Studio Version 16
VisualStudioVersion = 16.0.30011.22
MinimumVisualStudioVersion = 10.0.40219.1
Project("{FAE04EC0-301F-11D3-BF4B-00C04F79EFBC}") = "JtableApiTest", "JtableApiTest\JtableApiTest.csproj", "{B283FA33-C2C2-4062-BB10-B242BEC3B99C}"
EndProject
Project("{FAE04EC0-301F-11D3-BF4B-00C04F79EFBC}") = "WebApi", "WebApi\WebApi.csproj", "{A6F2D6B9-22D1-4804-A0A6-A152865BEB8B}"
EndProject
Global
	GlobalSection(SolutionConfigurationPlatforms) = preSolution
		Debug|Any CPU = Debug|Any CPU
		Release|Any CPU = Release|Any CPU
	EndGlobalSection
	GlobalSection(ProjectConfigurationPlatforms) = postSolution
		{B283FA33-C2C2-4062-BB10-B242BEC3B99C}.Debug|Any CPU.ActiveCfg = Debug|Any CPU
		{B283FA33-C2C2-4062-BB10-B242BEC3B99C}.Debug|Any CPU.Build.0 = Debug|Any CPU
		{B283FA33-C2C2-4062-BB10-B242BEC3B99C}.Release|Any CPU.ActiveCfg = Release|Any CPU
		{B283FA33-C2C2-4062-BB10-B242BEC3B99C}.Release|Any CPU.Build.0 = Release|Any CPU
		{A6F2D6B9-22D1-4804-A0A6-A152865BEB8B}.Debug|Any CPU.ActiveCfg = Debug|Any CPU
		{A6F2D6B9-22D1-4804-A0A6-A152865BEB8B}.Debug|Any CPU.Build.0 = Debug|Any CPU
		{A6F2D6B9-22D1-4804-A0A6-A152865BEB8B}.Release|Any CPU.ActiveCfg = Release|Any CPU
		{A6F2D6B9-22D1-4804-A0A6-A152865BEB8B}.Release|Any CPU.Build.0 = Release|Any CPU
	EndGlobalSection
	GlobalSection(SolutionProperties) = preSolution
		HideSolutionNode = FALSE
	EndGlobalSection
	GlobalSection(ExtensibilityGlobals) = postSolution
		SolutionGuid = {16B2BC55-3DC6-4FEA-8435-A4EC56B03E8D}
	EndGlobalSection
EndGlobal
